
Microsoft Visual Studio Solution File, Format Version 12.00
# Visual Studio Version 16
VisualStudioVersion = 16.0.29503.13
MinimumVisualStudioVersion = 10.0.40219.1
Project("{FAE04EC0-301F-11D3-BF4B-00C04F79EFBC}") = "AdoDotNetProject_Ashraful", "AdoDotNetProject_Ashraful\AdoDotNetProject_Ashraful.csproj", "{8375C0F2-1F42-420C-9DD0-29DFEFE2F5B4}"
EndProject
Global
	GlobalSection(SolutionConfigurationPlatforms) = preSolution
		Debug|Any CPU = Debug|Any CPU
		Release|Any CPU = Release|Any CPU
	EndGlobalSection
	GlobalSection(ProjectConfigurationPlatforms) = postSolution
		{8375C0F2-1F42-420C-9DD0-29DFEFE2F5B4}.Debug|Any CPU.ActiveCfg = Debug|Any CPU
		{8375C0F2-1F42-420C-9DD0-29DFEFE2F5B4}.Debug|Any CPU.Build.0 = Debug|Any CPU
		{8375C0F2-1F42-420C-9DD0-29DFEFE2F5B4}.Release|Any CPU.ActiveCfg = Release|Any CPU
		{8375C0F2-1F42-420C-9DD0-29DFEFE2F5B4}.Release|Any CPU.Build.0 = Release|Any CPU
	EndGlobalSection
	GlobalSection(SolutionProperties) = preSolution
		HideSolutionNode = FALSE
	EndGlobalSection
	GlobalSection(ExtensibilityGlobals) = postSolution
		SolutionGuid = {94860EDD-C63C-4FDD-A8CE-8989688AB399}
	EndGlobalSection
EndGlobal
